dependencies:
- name: prometheus-adapter
  repository: https://prometheus-community.github.io/helm-charts
  version: 3.4.1
- name: prometheus
  repository: https://prometheus-community.github.io/helm-charts
  version: 15.18.0
digest: sha256:507b82b9c1f8f771a75d5ad331cbb3309fc876a10a854637da5a28dcc720594e
generated: "2022-11-20T20:39:03.451351357+01:00"
